
Microsoft Visual Studio Solution File, Format Version 12.00
# Visual Studio Version 16
VisualStudioVersion = 16.0.28803.452
MinimumVisualStudioVersion = 10.0.40219.1
Project("{2150E333-8FDC-42A3-9474-1A3956D46DE8}") = "src", "src", "{44B8D5C5-DAC6-44B2-831A-F3D5E4FFF8D4}"
EndProject
Project("{2150E333-8FDC-42A3-9474-1A3956D46DE8}") = "tests", "tests", "{037A932A-BCFD-4EF5-B242-3B16021D1D1F}"
EndProject
Project("{9A19103F-16F7-4668-BE54-9A1E7A4F7556}") = "j0n6s.RadixDlt.Core", "src\j0n6s.RadixDlt.Core\j0n6s.RadixDlt.Core.csproj", "{FBBBBEDE-7799-4B1A-BF36-9EDE50EE7C0C}"
EndProject
Project("{9A19103F-16F7-4668-BE54-9A1E7A4F7556}") = "j0n6s.RadixDlt.Core.Tests", "tests\j0n6s.RadixDlt.Core.Tests\j0n6s.RadixDlt.Core.Tests.csproj", "{2C47DBA6-8B91-4F8F-8518-9C16C4438091}"
EndProject
Project("{9A19103F-16F7-4668-BE54-9A1E7A4F7556}") = "ManualTester", "tests\ManualTester\ManualTester.csproj", "{B26F9213-7FE6-457D-ABA3-2968FB9E42D1}"
EndProject
Project("{9A19103F-16F7-4668-BE54-9A1E7A4F7556}") = "j0n6s.RadixDlt.Crypto", "src\j0n6s.RadixDlt.Crypto\j0n6s.RadixDlt.Crypto.csproj", "{005E28FF-B5EF-43BD-ADDA-195C3CADA424}"
EndProject
Project("{9A19103F-16F7-4668-BE54-9A1E7A4F7556}") = "j0n6s.RadixDlt.Dson", "src\j0n6s.RadixDlt.Dson\j0n6s.RadixDlt.Dson.csproj", "{971033BF-41FC-4B69-8B5C-0E63B714EE9A}"
EndProject
Project("{9A19103F-16F7-4668-BE54-9A1E7A4F7556}") = "j0n6s.RadixDlt.Utils", "src\j0n6s.RadixDlt.Utils\j0n6s.RadixDlt.Utils.csproj", "{7CB46129-145C-4932-9EB6-C8EB075860AD}"
EndProject
Global
	GlobalSection(SolutionConfigurationPlatforms) = preSolution
		Debug|Any CPU = Debug|Any CPU
		Release|Any CPU = Release|Any CPU
	EndGlobalSection
	GlobalSection(ProjectConfigurationPlatforms) = postSolution
		{FBBBBEDE-7799-4B1A-BF36-9EDE50EE7C0C}.Debug|Any CPU.ActiveCfg = Debug|Any CPU
		{FBBBBEDE-7799-4B1A-BF36-9EDE50EE7C0C}.Debug|Any CPU.Build.0 = Debug|Any CPU
		{FBBBBEDE-7799-4B1A-BF36-9EDE50EE7C0C}.Release|Any CPU.ActiveCfg = Release|Any CPU
		{FBBBBEDE-7799-4B1A-BF36-9EDE50EE7C0C}.Release|Any CPU.Build.0 = Release|Any CPU
		{2C47DBA6-8B91-4F8F-8518-9C16C4438091}.Debug|Any CPU.ActiveCfg = Debug|Any CPU
		{2C47DBA6-8B91-4F8F-8518-9C16C4438091}.Debug|Any CPU.Build.0 = Debug|Any CPU
		{2C47DBA6-8B91-4F8F-8518-9C16C4438091}.Release|Any CPU.ActiveCfg = Release|Any CPU
		{2C47DBA6-8B91-4F8F-8518-9C16C4438091}.Release|Any CPU.Build.0 = Release|Any CPU
		{B26F9213-7FE6-457D-ABA3-2968FB9E42D1}.Debug|Any CPU.ActiveCfg = Debug|Any CPU
		{B26F9213-7FE6-457D-ABA3-2968FB9E42D1}.Debug|Any CPU.Build.0 = Debug|Any CPU
		{B26F9213-7FE6-457D-ABA3-2968FB9E42D1}.Release|Any CPU.ActiveCfg = Release|Any CPU
		{B26F9213-7FE6-457D-ABA3-2968FB9E42D1}.Release|Any CPU.Build.0 = Release|Any CPU
		{005E28FF-B5EF-43BD-ADDA-195C3CADA424}.Debug|Any CPU.ActiveCfg = Debug|Any CPU
		{005E28FF-B5EF-43BD-ADDA-195C3CADA424}.Debug|Any CPU.Build.0 = Debug|Any CPU
		{005E28FF-B5EF-43BD-ADDA-195C3CADA424}.Release|Any CPU.ActiveCfg = Release|Any CPU
		{005E28FF-B5EF-43BD-ADDA-195C3CADA424}.Release|Any CPU.Build.0 = Release|Any CPU
		{971033BF-41FC-4B69-8B5C-0E63B714EE9A}.Debug|Any CPU.ActiveCfg = Debug|Any CPU
		{971033BF-41FC-4B69-8B5C-0E63B714EE9A}.Debug|Any CPU.Build.0 = Debug|Any CPU
		{971033BF-41FC-4B69-8B5C-0E63B714EE9A}.Release|Any CPU.ActiveCfg = Release|Any CPU
		{971033BF-41FC-4B69-8B5C-0E63B714EE9A}.Release|Any CPU.Build.0 = Release|Any CPU
		{7CB46129-145C-4932-9EB6-C8EB075860AD}.Debug|Any CPU.ActiveCfg = Debug|Any CPU
		{7CB46129-145C-4932-9EB6-C8EB075860AD}.Debug|Any CPU.Build.0 = Debug|Any CPU
		{7CB46129-145C-4932-9EB6-C8EB075860AD}.Release|Any CPU.ActiveCfg = Release|Any CPU
		{7CB46129-145C-4932-9EB6-C8EB075860AD}.Release|Any CPU.Build.0 = Release|Any CPU
	EndGlobalSection
	GlobalSection(SolutionProperties) = preSolution
		HideSolutionNode = FALSE
	EndGlobalSection
	GlobalSection(NestedProjects) = preSolution
		{FBBBBEDE-7799-4B1A-BF36-9EDE50EE7C0C} = {44B8D5C5-DAC6-44B2-831A-F3D5E4FFF8D4}
		{2C47DBA6-8B91-4F8F-8518-9C16C4438091} = {037A932A-BCFD-4EF5-B242-3B16021D1D1F}
		{B26F9213-7FE6-457D-ABA3-2968FB9E42D1} = {037A932A-BCFD-4EF5-B242-3B16021D1D1F}
		{005E28FF-B5EF-43BD-ADDA-195C3CADA424} = {44B8D5C5-DAC6-44B2-831A-F3D5E4FFF8D4}
		{971033BF-41FC-4B69-8B5C-0E63B714EE9A} = {44B8D5C5-DAC6-44B2-831A-F3D5E4FFF8D4}
		{7CB46129-145C-4932-9EB6-C8EB075860AD} = {44B8D5C5-DAC6-44B2-831A-F3D5E4FFF8D4}
	EndGlobalSection
	GlobalSection(ExtensibilityGlobals) = postSolution
		SolutionGuid = {C2027915-4985-457E-A195-9F90CAABBF41}
	EndGlobalSection
EndGlobal
